version = 1
revision = 3
requires-python = ">=3.15"

[[package]]
name = "numpy"
version = "2.3.4"
source = { registry = "https://pypi.org/simple" }
sdist = { url = "https://files.pythonhosted.org/packages/b5/f4/098d2270d52b41f1bd7db9fc288aaa0400cb48c2a3e2af6fa365d9720947/numpy-2.3.4.tar.gz", hash = "sha256:a7d018bfedb375a8d979ac758b120ba846a7fe764911a64465fd87b8729f4a6a", size = 20582187, upload-time = "2025-10-15T16:18:11.77Z" }

[[package]]
name = "praat-parselmouth"
version = "0.4.6"
source = { registry = "https://pypi.org/simple" }
dependencies = [
    { name = "numpy" },
]
sdist = { url = "https://files.pythonhosted.org/packages/e4/93/4d617d749b37af96f0e10d84f3b89e7fff0b8d71b3d9cff9e7c947bf8b13/praat_parselmouth-0.4.6.tar.gz", hash = "sha256:844e09cfcab9d202043f2aaaf803908a54be6e1953c2f01c386cc2ea7cc6851a", size = 22525112, upload-time = "2025-06-08T16:51:23.121Z" }

[[package]]
name = "temp"
version = "0.1.0"
source = { virtual = "." }
dependencies = [
    { name = "praat-parselmouth" },
]

[package.metadata]
requires-dist = [{ name = "praat-parselmouth", specifier = ">=0.4.6" }]
